// !$*UTF8*$!
{
	archiveVersion = 1;
	classes = {
	};
	objectVersion = 50;
	objects = {

/* Begin PBXBuildFile section */
		14012BB12414304600DE0D05 /* ThumbnailViewController+DND.swift in Sources */ = {isa = PBXBuildFile; fileRef = 14012BB02414304600DE0D05 /* ThumbnailViewController+DND.swift */; };
		14012BB32414415A00DE0D05 /* CanvasViewController+Buttons.swift in Sources */ = {isa = PBXBuildFile; fileRef = 14012BB22414415A00DE0D05 /* CanvasViewController+Buttons.swift */; };
		14344133241403BD0036D9AA /* AppDelegate.swift in Sources */ = {isa = PBXBuildFile; fileRef = 14344132241403BD0036D9AA /* AppDelegate.swift */; };
		14344135241403BD0036D9AA /* SceneDelegate.swift in Sources */ = {isa = PBXBuildFile; fileRef = 14344134241403BD0036D9AA /* SceneDelegate.swift */; };
		14344137241403BD0036D9AA /* CanvasViewController.swift in Sources */ = {isa = PBXBuildFile; fileRef = 14344136241403BD0036D9AA /* CanvasViewController.swift */; };
		1434413C241403BE0036D9AA /* Assets.xcassets in Resources */ = {isa = PBXBuildFile; fileRef = 1434413B241403BE0036D9AA /* Assets.xcassets */; };
		1434413F241403BE0036D9AA /* LaunchScreen.storyboard in Resources */ = {isa = PBXBuildFile; fileRef = 1434413D241403BE0036D9AA /* LaunchScreen.storyboard */; };
		14344147241409200036D9AA /* Design.swift in Sources */ = {isa = PBXBuildFile; fileRef = 14344146241409200036D9AA /* Design.swift */; };
		14344149241409580036D9AA /* Model.swift in Sources */ = {isa = PBXBuildFile; fileRef = 14344148241409580036D9AA /* Model.swift */; };
		1434414B241410E60036D9AA /* CanvasViewController+PencilKit.swift in Sources */ = {isa = PBXBuildFile; fileRef = 1434414A241410E60036D9AA /* CanvasViewController+PencilKit.swift */; };
		1434414D241411F00036D9AA /* OSLog+PencilKit-Layers.swift in Sources */ = {isa = PBXBuildFile; fileRef = 1434414C241411F00036D9AA /* OSLog+PencilKit-Layers.swift */; };
		1434414F241417910036D9AA /* ThumbnailViewController.swift in Sources */ = {isa = PBXBuildFile; fileRef = 1434414E241417910036D9AA /* ThumbnailViewController.swift */; };
		1434415524141ACF0036D9AA /* ThumbnailCollectionViewCell.swift in Sources */ = {isa = PBXBuildFile; fileRef = 1434415424141ACF0036D9AA /* ThumbnailCollectionViewCell.swift */; };
		143441572414223E0036D9AA /* ThumbnailAddButtonView.swift in Sources */ = {isa = PBXBuildFile; fileRef = 143441562414223E0036D9AA /* ThumbnailAddButtonView.swift */; };
/* End PBXBuildFile section */

/* Begin PBXFileReference section */
		14012BB02414304600DE0D05 /* ThumbnailViewController+DND.swift */ = {isa = PBXFileReference; lastKnownFileType = sourcecode.swift; path = "ThumbnailViewController+DND.swift"; sourceTree = "<group>"; };
		14012BB22414415A00DE0D05 /* CanvasViewController+Buttons.swift */ = {isa = PBXFileReference; lastKnownFileType = sourcecode.swift; path = "CanvasViewController+Buttons.swift"; sourceTree = "<group>"; };
		1434412F241403BD0036D9AA /* PencilKit-Layers.app */ = {isa = PBXFileReference; explicitFileType = wrapper.application; includeInIndex = 0; path = "PencilKit-Layers.app"; sourceTree = BUILT_PRODUCTS_DIR; };
		14344132241403BD0036D9AA /* AppDelegate.swift */ = {isa = PBXFileReference; lastKnownFileType = sourcecode.swift; path = AppDelegate.swift; sourceTree = "<group>"; };
		14344134241403BD0036D9AA /* SceneDelegate.swift */ = {isa = PBXFileReference; lastKnownFileType = sourcecode.swift; path = SceneDelegate.swift; sourceTree = "<group>"; };
		14344136241403BD0036D9AA /* CanvasViewController.swift */ = {isa = PBXFileReference; lastKnownFileType = sourcecode.swift; path = CanvasViewController.swift; sourceTree = "<group>"; };
		1434413B241403BE0036D9AA /* Assets.xcassets */ = {isa = PBXFileReference; lastKnownFileType = folder.assetcatalog; path = Assets.xcassets; sourceTree = "<group>"; };
		1434413E241403BE0036D9AA /* Base */ = {isa = PBXFileReference; lastKnownFileType = file.storyboard; name = Base; path = Base.lproj/LaunchScreen.storyboard; sourceTree = "<group>"; };
		14344140241403BE0036D9AA /* Info.plist */ = {isa = PBXFileReference; lastKnownFileType = text.plist.xml; path = Info.plist; sourceTree = "<group>"; };
		14344146241409200036D9AA /* Design.swift */ = {isa = PBXFileReference; lastKnownFileType = sourcecode.swift; path = Design.swift; sourceTree = "<group>"; };
		14344148241409580036D9AA /* Model.swift */ = {isa = PBXFileReference; lastKnownFileType = sourcecode.swift; path = Model.swift; sourceTree = "<group>"; };
		1434414A241410E60036D9AA /* CanvasViewController+PencilKit.swift */ = {isa = PBXFileReference; lastKnownFileType = sourcecode.swift; path = "CanvasViewController+PencilKit.swift"; sourceTree = "<group>"; };
		1434414C241411F00036D9AA /* OSLog+PencilKit-Layers.swift */ = {isa = PBXFileReference; lastKnownFileType = sourcecode.swift; path = "OSLog+PencilKit-Layers.swift"; sourceTree = "<group>"; };
		1434414E241417910036D9AA /* ThumbnailViewController.swift */ = {isa = PBXFileReference; lastKnownFileType = sourcecode.swift; path = ThumbnailViewController.swift; sourceTree = "<group>"; };
		1434415424141ACF0036D9AA /* ThumbnailCollectionViewCell.swift */ = {isa = PBXFileReference; lastKnownFileType = sourcecode.swift; path = ThumbnailCollectionViewCell.swift; sourceTree = "<group>"; };
		143441562414223E0036D9AA /* ThumbnailAddButtonView.swift */ = {isa = PBXFileReference; lastKnownFileType = sourcecode.swift; path = ThumbnailAddButtonView.swift; sourceTree = "<group>"; };
/* End PBXFileReference section */

/* Begin PBXFrameworksBuildPhase section */
		1434412C241403BD0036D9AA /* Frameworks */ = {
			isa = PBXFrameworksBuildPhase;
			buildActionMask = 2147483647;
			files = (
			);
			runOnlyForDeploymentPostprocessing = 0;
		};
/* End PBXFrameworksBuildPhase section */

/* Begin PBXGroup section */
		14344126241403BD0036D9AA = {
			isa = PBXGroup;
			children = (
				14344131241403BD0036D9AA /* PencilKit-Layers */,
				14344130241403BD0036D9AA /* Products */,
			);
			sourceTree = "<group>";
		};
		14344130241403BD0036D9AA /* Products */ = {
			isa = PBXGroup;
			children = (
				1434412F241403BD0036D9AA /* PencilKit-Layers.app */,
			);
			name = Products;
			sourceTree = "<group>";
		};
		14344131241403BD0036D9AA /* PencilKit-Layers */ = {
			isa = PBXGroup;
			children = (
				1434415A241426C00036D9AA /* General */,
				14344159241426BA0036D9AA /* CanvasViewController */,
				14344158241426B30036D9AA /* ThumbnailViewController */,
				1434413B241403BE0036D9AA /* Assets.xcassets */,
				1434413D241403BE0036D9AA /* LaunchScreen.storyboard */,
				14344140241403BE0036D9AA /* Info.plist */,
			);
			path = "PencilKit-Layers";
			sourceTree = "<group>";
		};
		14344158241426B30036D9AA /* ThumbnailViewController */ = {
			isa = PBXGroup;
			children = (
				1434414E241417910036D9AA /* ThumbnailViewController.swift */,
				14012BB02414304600DE0D05 /* ThumbnailViewController+DND.swift */,
				1434415424141ACF0036D9AA /* ThumbnailCollectionViewCell.swift */,
				143441562414223E0036D9AA /* ThumbnailAddButtonView.swift */,
			);
			path = ThumbnailViewController;
			sourceTree = "<group>";
		};
		14344159241426BA0036D9AA /* CanvasViewController */ = {
			isa = PBXGroup;
			children = (
				14344136241403BD0036D9AA /* CanvasViewController.swift */,
				1434414A241410E60036D9AA /* CanvasViewController+PencilKit.swift */,
				14012BB22414415A00DE0D05 /* CanvasViewController+Buttons.swift */,
			);
			path = CanvasViewController;
			sourceTree = "<group>";
		};
		1434415A241426C00036D9AA /* General */ = {
			isa = PBXGroup;
			children = (
				14344132241403BD0036D9AA /* AppDelegate.swift */,
				14344134241403BD0036D9AA /* SceneDelegate.swift */,
				14344148241409580036D9AA /* Model.swift */,
				14344146241409200036D9AA /* Design.swift */,
				1434414C241411F00036D9AA /* OSLog+PencilKit-Layers.swift */,
			);
			path = General;
			sourceTree = "<group>";
		};
/* End PBXGroup section */

/* Begin PBXNativeTarget section */
		1434412E241403BD0036D9AA /* PencilKit-Layers */ = {
			isa = PBXNativeTarget;
			buildConfigurationList = 14344143241403BE0036D9AA /* Build configuration list for PBXNativeTarget "PencilKit-Layers" */;
			buildPhases = (
				1434412B241403BD0036D9AA /* Sources */,
				1434412C241403BD0036D9AA /* Frameworks */,
				1434412D241403BD0036D9AA /* Resources */,
			);
			buildRules = (
			);
			dependencies = (
			);
			name = "PencilKit-Layers";
			productName = "PencilKit-Layers";
			productReference = 1434412F241403BD0036D9AA /* PencilKit-Layers.app */;
			productType = "com.apple.product-type.application";
		};
/* End PBXNativeTarget section */

/* Begin PBXProject section */
		14344127241403BD0036D9AA /* Project object */ = {
			isa = PBXProject;
			attributes = {
				LastSwiftUpdateCheck = 1130;
				LastUpgradeCheck = 1130;
				ORGANIZATIONNAME = "Andrew Finke";
				TargetAttributes = {
					1434412E241403BD0036D9AA = {
						CreatedOnToolsVersion = 11.3.1;
					};
				};
			};
			buildConfigurationList = 1434412A241403BD0036D9AA /* Build configuration list for PBXProject "PencilKit-Layers" */;
			compatibilityVersion = "Xcode 9.3";
			developmentRegion = en;
			hasScannedForEncodings = 0;
			knownRegions = (
				en,
				Base,
			);
			mainGroup = 14344126241403BD0036D9AA;
			productRefGroup = 14344130241403BD0036D9AA /* Products */;
			projectDirPath = "";
			projectRoot = "";
			targets = (
				1434412E241403BD0036D9AA /* PencilKit-Layers */,
			);
		};
/* End PBXProject section */

/* Begin PBXResourcesBuildPhase section */
		1434412D241403BD0036D9AA /* Resources */ = {
			isa = PBXResourcesBuildPhase;
			buildActionMask = 2147483647;
			files = (
				1434413F241403BE0036D9AA /* LaunchScreen.storyboard in Resources */,
				1434413C241403BE0036D9AA /* Assets.xcassets in Resources */,
			);
			runOnlyForDeploymentPostprocessing = 0;
		};
/* End PBXResourcesBuildPhase section */

/* Begin PBXSourcesBuildPhase section */
		1434412B241403BD0036D9AA /* Sources */ = {
			isa = PBXSourcesBuildPhase;
			buildActionMask = 2147483647;
			files = (
				14012BB12414304600DE0D05 /* ThumbnailViewController+DND.swift in Sources */,
				1434414F241417910036D9AA /* ThumbnailViewController.swift in Sources */,
				14012BB32414415A00DE0D05 /* CanvasViewController+Buttons.swift in Sources */,
				1434414D241411F00036D9AA /* OSLog+PencilKit-Layers.swift in Sources */,
				1434415524141ACF0036D9AA /* ThumbnailCollectionViewCell.swift in Sources */,
				1434414B241410E60036D9AA /* CanvasViewController+PencilKit.swift in Sources */,
				14344149241409580036D9AA /* Model.swift in Sources */,
				14344137241403BD0036D9AA /* CanvasViewController.swift in Sources */,
				14344147241409200036D9AA /* Design.swift in Sources */,
				14344133241403BD0036D9AA /* AppDelegate.swift in Sources */,
				14344135241403BD0036D9AA /* SceneDelegate.swift in Sources */,
				143441572414223E0036D9AA /* ThumbnailAddButtonView.swift in Sources */,
			);
			runOnlyForDeploymentPostprocessing = 0;
		};
/* End PBXSourcesBuildPhase section */

/* Begin PBXVariantGroup section */
		1434413D241403BE0036D9AA /* LaunchScreen.storyboard */ = {
			isa = PBXVariantGroup;
			children = (
				1434413E241403BE0036D9AA /* Base */,
			);
			name = LaunchScreen.storyboard;
			sourceTree = "<group>";
		};
/* End PBXVariantGroup section */

/* Begin XCBuildConfiguration section */
		14344141241403BE0036D9AA /* Debug */ = {
			isa = XCBuildConfiguration;
			buildSettings = {
				ALWAYS_SEARCH_USER_PATHS = NO;
				CLANG_ANALYZER_NONNULL = YES;
				CLANG_ANALYZER_NUMBER_OBJECT_CONVERSION = YES_AGGRESSIVE;
				CLANG_CXX_LANGUAGE_STANDARD = "gnu++14";
				CLANG_CXX_LIBRARY = "libc++";
				CLANG_ENABLE_MODULES = YES;
				CLANG_ENABLE_OBJC_ARC = YES;
				CLANG_ENABLE_OBJC_WEAK = YES;
				CLANG_WARN_BLOCK_CAPTURE_AUTORELEASING = YES;
				CLANG_WARN_BOOL_CONVERSION = YES;
				CLANG_WARN_COMMA = YES;
				CLANG_WARN_CONSTANT_CONVERSION = YES;
				CLANG_WARN_DEPRECATED_OBJC_IMPLEMENTATIONS = YES;
				CLANG_WARN_DIRECT_OBJC_ISA_USAGE = YES_ERROR;
				CLANG_WARN_DOCUMENTATION_COMMENTS = YES;
				CLANG_WARN_EMPTY_BODY = YES;
				CLANG_WARN_ENUM_CONVERSION = YES;
				CLANG_WARN_INFINITE_RECURSION = YES;
				CLANG_WARN_INT_CONVERSION = YES;
				CLANG_WARN_NON_LITERAL_NULL_CONVERSION = YES;
				CLANG_WARN_OBJC_IMPLICIT_RETAIN_SELF = YES;
				CLANG_WARN_OBJC_LITERAL_CONVERSION = YES;
				CLANG_WARN_OBJC_ROOT_CLASS = YES_ERROR;
				CLANG_WARN_RANGE_LOOP_ANALYSIS = YES;
				CLANG_WARN_STRICT_PROTOTYPES = YES;
				CLANG_WARN_SUSPICIOUS_MOVE = YES;
				CLANG_WARN_UNGUARDED_AVAILABILITY = YES_AGGRESSIVE;
				CLANG_WARN_UNREACHABLE_CODE = YES;
				CLANG_WARN__DUPLICATE_METHOD_MATCH = YES;
				COPY_PHASE_STRIP = NO;
				DEBUG_INFORMATION_FORMAT = dwarf;
				ENABLE_STRICT_OBJC_MSGSEND = YES;
				ENABLE_TESTABILITY = YES;
				GCC_C_LANGUAGE_STANDARD = gnu11;
				GCC_DYNAMIC_NO_PIC = NO;
				GCC_NO_COMMON_BLOCKS = YES;
				GCC_OPTIMIZATION_LEVEL = 0;
				GCC_PREPROCESSOR_DEFINITIONS = (
					"DEBUG=1",
					"$(inherited)",
				);
				GCC_WARN_64_TO_32_BIT_CONVERSION = YES;
				GCC_WARN_ABOUT_RETURN_TYPE = YES_ERROR;
				GCC_WARN_UNDECLARED_SELECTOR = YES;
				GCC_WARN_UNINITIALIZED_AUTOS = YES_AGGRESSIVE;
				GCC_WARN_UNUSED_FUNCTION = YES;
				GCC_WARN_UNUSED_VARIABLE = YES;
				IPHONEOS_DEPLOYMENT_TARGET = 13.2;
				MTL_ENABLE_DEBUG_INFO = INCLUDE_SOURCE;
				MTL_FAST_MATH = YES;
				ONLY_ACTIVE_ARCH = YES;
				SDKROOT = iphoneos;
				SWIFT_ACTIVE_COMPILATION_CONDITIONS = DEBUG;
				SWIFT_OPTIMIZATION_LEVEL = "-Onone";
			};
			name = Debug;
		};
		14344142241403BE0036D9AA /* Release */ = {
			isa = XCBuildConfiguration;
			buildSettings = {
				ALWAYS_SEARCH_USER_PATHS = NO;
				CLANG_ANALYZER_NONNULL = YES;
				CLANG_ANALYZER_NUMBER_OBJECT_CONVERSION = YES_AGGRESSIVE;
				CLANG_CXX_LANGUAGE_STANDARD = "gnu++14";
				CLANG_CXX_LIBRARY = "libc++";
				CLANG_ENABLE_MODULES = YES;
				CLANG_ENABLE_OBJC_ARC = YES;
				CLANG_ENABLE_OBJC_WEAK = YES;
				CLANG_WARN_BLOCK_CAPTURE_AUTORELEASING = YES;
				CLANG_WARN_BOOL_CONVERSION = YES;
				CLANG_WARN_COMMA = YES;
				CLANG_WARN_CONSTANT_CONVERSION = YES;
				CLANG_WARN_DEPRECATED_OBJC_IMPLEMENTATIONS = YES;
				CLANG_WARN_DIRECT_OBJC_ISA_USAGE = YES_ERROR;
				CLANG_WARN_DOCUMENTATION_COMMENTS = YES;
				CLANG_WARN_EMPTY_BODY = YES;
				CLANG_WARN_ENUM_CONVERSION = YES;
				CLANG_WARN_INFINITE_RECURSION = YES;
				CLANG_WARN_INT_CONVERSION = YES;
				CLANG_WARN_NON_LITERAL_NULL_CONVERSION = YES;
				CLANG_WARN_OBJC_IMPLICIT_RETAIN_SELF = YES;
				CLANG_WARN_OBJC_LITERAL_CONVERSION = YES;
				CLANG_WARN_OBJC_ROOT_CLASS = YES_ERROR;
				CLANG_WARN_RANGE_LOOP_ANALYSIS = YES;
				CLANG_WARN_STRICT_PROTOTYPES = YES;
				CLANG_WARN_SUSPICIOUS_MOVE = YES;
				CLANG_WARN_UNGUARDED_AVAILABILITY = YES_AGGRESSIVE;
				CLANG_WARN_UNREACHABLE_CODE = YES;
				CLANG_WARN__DUPLICATE_METHOD_MATCH = YES;
				COPY_PHASE_STRIP = NO;
				DEBUG_INFORMATION_FORMAT = "dwarf-with-dsym";
				ENABLE_NS_ASSERTIONS = NO;
				ENABLE_STRICT_OBJC_MSGSEND = YES;
				GCC_C_LANGUAGE_STANDARD = gnu11;
				GCC_NO_COMMON_BLOCKS = YES;
				GCC_WARN_64_TO_32_BIT_CONVERSION = YES;
				GCC_WARN_ABOUT_RETURN_TYPE = YES_ERROR;
				GCC_WARN_UNDECLARED_SELECTOR = YES;
				GCC_WARN_UNINITIALIZED_AUTOS = YES_AGGRESSIVE;
				GCC_WARN_UNUSED_FUNCTION = YES;
				GCC_WARN_UNUSED_VARIABLE = YES;
				IPHONEOS_DEPLOYMENT_TARGET = 13.2;
				MTL_ENABLE_DEBUG_INFO = NO;
				MTL_FAST_MATH = YES;
				SDKROOT = iphoneos;
				SWIFT_COMPILATION_MODE = wholemodule;
				SWIFT_OPTIMIZATION_LEVEL = "-O";
				VALIDATE_PRODUCT = YES;
			};
			name = Release;
		};
		14344144241403BE0036D9AA /* Debug */ = {
			isa = XCBuildConfiguration;
			buildSettings = {
				ASSETCATALOG_COMPILER_APPICON_NAME = AppIcon;
				CODE_SIGN_STYLE = Automatic;
				DEVELOPMENT_TEAM = 72S993BNAV;
				INFOPLIST_FILE = "PencilKit-Layers/Info.plist";
				LD_RUNPATH_SEARCH_PATHS = (
					"$(inherited)",
					"@executable_path/Frameworks",
				);
				PRODUCT_BUNDLE_IDENTIFIER = "com.andrewfinke.PencilKit-Layers";
				PRODUCT_NAME = "$(TARGET_NAME)";
				SWIFT_VERSION = 5.0;
				TARGETED_DEVICE_FAMILY = "1,2";
			};
			name = Debug;
		};
		14344145241403BE0036D9AA /* Release */ = {
			isa = XCBuildConfiguration;
			buildSettings = {
				ASSETCATALOG_COMPILER_APPICON_NAME = AppIcon;
				CODE_SIGN_STYLE = Automatic;
				DEVELOPMENT_TEAM = 72S993BNAV;
				INFOPLIST_FILE = "PencilKit-Layers/Info.plist";
				LD_RUNPATH_SEARCH_PATHS = (
					"$(inherited)",
					"@executable_path/Frameworks",
				);
				PRODUCT_BUNDLE_IDENTIFIER = "com.andrewfinke.PencilKit-Layers";
				PRODUCT_NAME = "$(TARGET_NAME)";
				SWIFT_VERSION = 5.0;
				TARGETED_DEVICE_FAMILY = "1,2";
			};
			name = Release;
		};
/* End XCBuildConfiguration section */

/* Begin XCConfigurationList section */
		1434412A241403BD0036D9AA /* Build configuration list for PBXProject "PencilKit-Layers" */ = {
			isa = XCConfigurationList;
			buildConfigurations = (
				14344141241403BE0036D9AA /* Debug */,
				14344142241403BE0036D9AA /* Release */,
			);
			defaultConfigurationIsVisible = 0;
			defaultConfigurationName = Release;
		};
		14344143241403BE0036D9AA /* Build configuration list for PBXNativeTarget "PencilKit-Layers" */ = {
			isa = XCConfigurationList;
			buildConfigurations = (
				14344144241403BE0036D9AA /* Debug */,
				14344145241403BE0036D9AA /* Release */,
			);
			defaultConfigurationIsVisible = 0;
			defaultConfigurationName = Release;
		};
/* End XCConfigurationList section */
	};
	rootObject = 14344127241403BD0036D9AA /* Project object */;
}
